schema_version: 1
package: robot_description
repository: https://github.com/SevenovaHangzhou/robot_description.git
source_branch: robot_v3_suction_chassis
source_revision: ec69ca04297896c1296720324d23cdb8f80d9e63
source_tree: 864dfff98fdd4cf54df35095232b38728c073c01
imported_path: src/description/robot_description
model_family: alfa_v3
default_end_effector: suction
status: design_description_requires_hardware_validation
