schema_version: 1
package: robot_description
repository: https://github.com/SevenovaHangzhou/robot_description.git
source_branch: V3
source_revision: 11f6d906dcb4cd5abba7cd4693afc9bb34c6a81e
source_tree: ff4bddfc25e56b88b85b124c7825038664922021
imported_path: src/description/robot_description
model_family: alfa_v3
default_end_effector: suction
status: design_description_requires_hardware_validation
