schema_version: 1
repository: https://github.com/SevenovaHangzhou/robot_interfaces.git
commit: 92d6ff2ed0b45684d7da2170d96703ca8be569f4
contract_version: 0.7.0
vendor_path: src/vendor/robot_interfaces
vendored_packages:
  - robot_rt_control_interfaces
  - robot_system_interfaces
  - robot_interfaces_qos
