schema_version: 1
repository: https://github.com/SevenovaHangzhou/robot_interfaces.git
commit: eb010e1e33b31ae8ae4ebe0843a2d5c5ca2fabd1
contract_version: 0.6.1
vendor_path: src/vendor/robot_interfaces
vendored_packages:
  - robot_rt_control_interfaces
  - robot_system_interfaces
  - robot_interfaces_qos
